// !$*UTF8*$!
{
	archiveVersion = 1;
	classes = {
	};
	objectVersion = 55;
	objects = {

/* Begin PBXBuildFile section */
		07C293D2CAC68FE847CEE50C /* Pods_GYMHack.framework in Frameworks */ = {isa = PBXBuildFile; fileRef = CFFAD302473903BA2BFA2AB4 /* Pods_GYMHack.framework */; };
		0F0FD99528164C35001ACCDB /* Sections.swift in Sources */ = {isa = PBXBuildFile; fileRef = 0F0FD99428164C35001ACCDB /* Sections.swift */; };
		0F0FD99728166FCC001ACCDB /* SectionsCell.swift in Sources */ = {isa = PBXBuildFile; fileRef = 0F0FD99628166FCC001ACCDB /* SectionsCell.swift */; };
		0F0FD99928167440001ACCDB /* ExpandCell.swift in Sources */ = {isa = PBXBuildFile; fileRef = 0F0FD99828167440001ACCDB /* ExpandCell.swift */; };
		0F0FD99C2816A84C001ACCDB /* AddActionModel.swift in Sources */ = {isa = PBXBuildFile; fileRef = 0F0FD99B2816A84C001ACCDB /* AddActionModel.swift */; };
		0F1CDD812B35836C0080C5F5 /* launchScreen.gif in Resources */ = {isa = PBXBuildFile; fileRef = 0F1CDD802B35836C0080C5F5 /* launchScreen.gif */; };
		0F345A392B6B5E57007528BD /* CoreDataCreationService.swift in Sources */ = {isa = PBXBuildFile; fileRef = 0F345A382B6B5E57007528BD /* CoreDataCreationService.swift */; };
		0F345A3B2B6B5EA5007528BD /* CoreDataFetchingService.swift in Sources */ = {isa = PBXBuildFile; fileRef = 0F345A3A2B6B5EA5007528BD /* CoreDataFetchingService.swift */; };
		0F345A3D2B6B5F3F007528BD /* CoreDataUpdatingService.swift in Sources */ = {isa = PBXBuildFile; fileRef = 0F345A3C2B6B5F3F007528BD /* CoreDataUpdatingService.swift */; };
		0F345A3F2B6B6139007528BD /* CoreDataDeletionService.swift in Sources */ = {isa = PBXBuildFile; fileRef = 0F345A3E2B6B6139007528BD /* CoreDataDeletionService.swift */; };
		0F345A432B6B675B007528BD /* DetailedSaverTests.swift in Sources */ = {isa = PBXBuildFile; fileRef = 0F345A422B6B675B007528BD /* DetailedSaverTests.swift */; };
		0F361F33288A3474004B322E /* AdmobID.swift in Sources */ = {isa = PBXBuildFile; fileRef = 0F361F32288A3474004B322E /* AdmobID.swift */; };
		0F361F35288A3532004B322E /* DropDownTextFieldID.swift in Sources */ = {isa = PBXBuildFile; fileRef = 0F361F34288A3532004B322E /* DropDownTextFieldID.swift */; };
		0F361F46288E6706004B322E /* Log.swift in Sources */ = {isa = PBXBuildFile; fileRef = 0F361F45288E6706004B322E /* Log.swift */; };
		0F368C582817BD660098667E /* CoredataService.swift in Sources */ = {isa = PBXBuildFile; fileRef = 0F368C572817BD660098667E /* CoredataService.swift */; };
		0F3894B72B89A1FC000FED69 /* DetailedTestHelpers.swift in Sources */ = {isa = PBXBuildFile; fileRef = 0F3894B62B89A1FC000FED69 /* DetailedTestHelpers.swift */; };
		0F3894BA2B89B65F000FED69 /* DetailedDataLoader.swift in Sources */ = {isa = PBXBuildFile; fileRef = 0F3894B82B89B655000FED69 /* DetailedDataLoader.swift */; };
		0F3894BD2B89B765000FED69 /* DetailedLoader.swift in Sources */ = {isa = PBXBuildFile; fileRef = 0F3894BB2B89B74D000FED69 /* DetailedLoader.swift */; };
		0F3894C02B89B7D1000FED69 /* DetailRetrievalStore.swift in Sources */ = {isa = PBXBuildFile; fileRef = 0F3894BE2B89B7C4000FED69 /* DetailRetrievalStore.swift */; };
		0F3894C32B89BD5F000FED69 /* DetailedSaver.swift in Sources */ = {isa = PBXBuildFile; fileRef = 0F3894C12B89BD58000FED69 /* DetailedSaver.swift */; };
		0F3894C52B8A6494000FED69 /* ActionLoaderTests.swift in Sources */ = {isa = PBXBuildFile; fileRef = 0F3894C42B8A6494000FED69 /* ActionLoaderTests.swift */; };
		0F3894C72B8A65E5000FED69 /* ActionFeedStoreSpy.swift in Sources */ = {isa = PBXBuildFile; fileRef = 0F3894C62B8A65E5000FED69 /* ActionFeedStoreSpy.swift */; };
		0F3894CD2B8BDF9F000FED69 /* XCTestHelpers.swift in Sources */ = {isa = PBXBuildFile; fileRef = 0F3894CC2B8BDF9F000FED69 /* XCTestHelpers.swift */; };
		0F3894D02B8BE5A7000FED69 /* ActionRetrievalStore.swift in Sources */ = {isa = PBXBuildFile; fileRef = 0F3894CE2B8BE5A3000FED69 /* ActionRetrievalStore.swift */; };
		0F3894D32B8BE61D000FED69 /* ActionLoader.swift in Sources */ = {isa = PBXBuildFile; fileRef = 0F3894D12B8BE5CA000FED69 /* ActionLoader.swift */; };
		0F3894D72B8BEA42000FED69 /* ActionDataLoader.swift in Sources */ = {isa = PBXBuildFile; fileRef = 0F3894D42B8BE705000FED69 /* ActionDataLoader.swift */; };
		0F44BA4E2828F098001AD835 /* TabBarViewController.swift in Sources */ = {isa = PBXBuildFile; fileRef = 0F44BA4D2828F098001AD835 /* TabBarViewController.swift */; };
		0F44BA502828F17B001AD835 /* MonthlyViewController.swift in Sources */ = {isa = PBXBuildFile; fileRef = 0F44BA4F2828F17B001AD835 /* MonthlyViewController.swift */; };
		0F44BA522828F1A3001AD835 /* ChartViewController.swift in Sources */ = {isa = PBXBuildFile; fileRef = 0F44BA512828F1A3001AD835 /* ChartViewController.swift */; };
		0F44BA5428290D8D001AD835 /* MonthlyViewController.storyboard in Resources */ = {isa = PBXBuildFile; fileRef = 0F44BA5328290D8D001AD835 /* MonthlyViewController.storyboard */; };
		0F62EC57282D03D5004952F4 /* AppIcon.appiconset in Resources */ = {isa = PBXBuildFile; fileRef = 0F62EC56282D03D5004952F4 /* AppIcon.appiconset */; };
		0F65307B28910A9000F55F88 /* WeeklyViewModel.swift in Sources */ = {isa = PBXBuildFile; fileRef = 0F65307A28910A9000F55F88 /* WeeklyViewModel.swift */; };
		0F71DA112B702A3A0044C999 /* ContextProvider.swift in Sources */ = {isa = PBXBuildFile; fileRef = 0F71DA102B702A3A0044C999 /* ContextProvider.swift */; };
		0F71DA192B7048BE0044C999 /* XCTest+MemoryLeaksTracking.swift in Sources */ = {isa = PBXBuildFile; fileRef = 0F71DA182B7048BE0044C999 /* XCTest+MemoryLeaksTracking.swift */; };
		0F71DA1B2B707B860044C999 /* DetailedDataSaver.swift in Sources */ = {isa = PBXBuildFile; fileRef = 0F71DA1A2B707B860044C999 /* DetailedDataSaver.swift */; };
		0F71DA1E2B707BAD0044C999 /* DetailAdditionStore.swift in Sources */ = {isa = PBXBuildFile; fileRef = 0F71DA1D2B707BAD0044C999 /* DetailAdditionStore.swift */; };
		0F71DA202B707D100044C999 /* CoreDataLocalFeedStoreTests.swift in Sources */ = {isa = PBXBuildFile; fileRef = 0F71DA1F2B707D100044C999 /* CoreDataLocalFeedStoreTests.swift */; };
		0F71DA232B707EB20044C999 /* DetailedDTO.swift in Sources */ = {isa = PBXBuildFile; fileRef = 0F71DA222B707EB20044C999 /* DetailedDTO.swift */; };
		0F71DA252B71D30D0044C999 /* ActionAdditionStore.swift in Sources */ = {isa = PBXBuildFile; fileRef = 0F71DA242B71D30D0044C999 /* ActionAdditionStore.swift */; };
		0F71DA272B71D3750044C999 /* ActionDataSaver.swift in Sources */ = {isa = PBXBuildFile; fileRef = 0F71DA262B71D3750044C999 /* ActionDataSaver.swift */; };
		0F71DA292B71D3E00044C999 /* ActionSaverTests.swift in Sources */ = {isa = PBXBuildFile; fileRef = 0F71DA282B71D3E00044C999 /* ActionSaverTests.swift */; };
		0F71DA392B7FDE420044C999 /* DetailedLoaderTests.swift in Sources */ = {isa = PBXBuildFile; fileRef = 0F71DA382B7FDE420044C999 /* DetailedLoaderTests.swift */; };
		0F71DA482B8684B20044C999 /* DetailedDTOStoreSpy.swift in Sources */ = {isa = PBXBuildFile; fileRef = 0F71DA472B8684B20044C999 /* DetailedDTOStoreSpy.swift */; };
		0F910A852855B2C700461016 /* AppConfig.swift in Sources */ = {isa = PBXBuildFile; fileRef = 0F910A842855B2C700461016 /* AppConfig.swift */; };
		0F99CC1E28144BAB00994329 /* AppDelegate.swift in Sources */ = {isa = PBXBuildFile; fileRef = 0F99CC1D28144BAB00994329 /* AppDelegate.swift */; };
		0F99CC2028144BAB00994329 /* SceneDelegate.swift in Sources */ = {isa = PBXBuildFile; fileRef = 0F99CC1F28144BAB00994329 /* SceneDelegate.swift */; };
		0F99CC2228144BAB00994329 /* WeeklyViewController.swift in Sources */ = {isa = PBXBuildFile; fileRef = 0F99CC2128144BAB00994329 /* WeeklyViewController.swift */; };
		0F99CC2528144BAB00994329 /* Main.storyboard in Resources */ = {isa = PBXBuildFile; fileRef = 0F99CC2328144BAB00994329 /* Main.storyboard */; };
		0F99CC2828144BAB00994329 /* WorkoutTrack.xcdatamodeld in Sources */ = {isa = PBXBuildFile; fileRef = 0F99CC2628144BAB00994329 /* WorkoutTrack.xcdatamodeld */; };
		0F99CC2A28144BAB00994329 /* Assets.xcassets in Resources */ = {isa = PBXBuildFile; fileRef = 0F99CC2928144BAB00994329 /* Assets.xcassets */; };
		0F99CC2D28144BAB00994329 /* LaunchScreen.storyboard in Resources */ = {isa = PBXBuildFile; fileRef = 0F99CC2B28144BAB00994329 /* LaunchScreen.storyboard */; };
		0F99CC3828144BAC00994329 /* WorkoutTrackTests.swift in Sources */ = {isa = PBXBuildFile; fileRef = 0F99CC3728144BAC00994329 /* WorkoutTrackTests.swift */; };
		0F99CC5128144BC000994329 /* Extension.swift in Sources */ = {isa = PBXBuildFile; fileRef = 0F99CC5028144BC000994329 /* Extension.swift */; };
		0F99CC56281450E200994329 /* SFSymbolButton.swift in Sources */ = {isa = PBXBuildFile; fileRef = 0F99CC55281450E200994329 /* SFSymbolButton.swift */; };
		0F99CC59281457D900994329 /* Moves.plist in Resources */ = {isa = PBXBuildFile; fileRef = 0F99CC58281457D900994329 /* Moves.plist */; };
		0F99CC5B28145E5C00994329 /* Moves.swift in Sources */ = {isa = PBXBuildFile; fileRef = 0F99CC5A28145E5C00994329 /* Moves.swift */; };
		0F99CC5D28152E4900994329 /* WeekProgressView.swift in Sources */ = {isa = PBXBuildFile; fileRef = 0F99CC5C28152E4900994329 /* WeekProgressView.swift */; };
		0F99CC5F2815730500994329 /* WeekdayButton.swift in Sources */ = {isa = PBXBuildFile; fileRef = 0F99CC5E2815730500994329 /* WeekdayButton.swift */; };
		0F99CC63281595C000994329 /* DateLabel.swift in Sources */ = {isa = PBXBuildFile; fileRef = 0F99CC62281595C000994329 /* DateLabel.swift */; };
		0FE106FE281E4E7F00D9D110 /* AddActionViewController.swift in Sources */ = {isa = PBXBuildFile; fileRef = 0FE106FD281E4E7F00D9D110 /* AddActionViewController.swift */; };
		0FE10712281EA3DF00D9D110 /* CollapsibleView.swift in Sources */ = {isa = PBXBuildFile; fileRef = 0FE10711281EA3DF00D9D110 /* CollapsibleView.swift */; };
		0FE10714281ECBB400D9D110 /* CollapsibleBodyView.swift in Sources */ = {isa = PBXBuildFile; fileRef = 0FE10713281ECBB400D9D110 /* CollapsibleBodyView.swift */; };
		0FE10716281ECD9D00D9D110 /* CollapsibleExerciseView.swift in Sources */ = {isa = PBXBuildFile; fileRef = 0FE10715281ECD9D00D9D110 /* CollapsibleExerciseView.swift */; };
		0FE10718281ECDCB00D9D110 /* CollapsibleSetView.swift in Sources */ = {isa = PBXBuildFile; fileRef = 0FE10717281ECDCB00D9D110 /* CollapsibleSetView.swift */; };
		0FE1071A281FA74900D9D110 /* NewActionViewController.swift in Sources */ = {isa = PBXBuildFile; fileRef = 0FE10719281FA74900D9D110 /* NewActionViewController.swift */; };
		0FE10758281FD9DD00D9D110 /* NewExercise.swift in Sources */ = {isa = PBXBuildFile; fileRef = 0FE10757281FD9DD00D9D110 /* NewExercise.swift */; };
		0FE1075A2820CB0A00D9D110 /* WeekDateChooseTableView.swift in Sources */ = {isa = PBXBuildFile; fileRef = 0FE107592820CB0A00D9D110 /* WeekDateChooseTableView.swift */; };
		0FE1075C2820D0AA00D9D110 /* ChooseCell.swift in Sources */ = {isa = PBXBuildFile; fileRef = 0FE1075B2820D0AA00D9D110 /* ChooseCell.swift */; };
		0FE107622821038200D9D110 /* ChooseBodyTableView.swift in Sources */ = {isa = PBXBuildFile; fileRef = 0FE107612821038200D9D110 /* ChooseBodyTableView.swift */; };
		0FE10764282107AF00D9D110 /* ChooseExerciseTableView.swift in Sources */ = {isa = PBXBuildFile; fileRef = 0FE10763282107AF00D9D110 /* ChooseExerciseTableView.swift */; };
		0FE1076628211F5100D9D110 /* HistoryCell.swift in Sources */ = {isa = PBXBuildFile; fileRef = 0FE1076528211F5100D9D110 /* HistoryCell.swift */; };
		0FE1076828221F0000D9D110 /* SetWeightRepsCell.swift in Sources */ = {isa = PBXBuildFile; fileRef = 0FE1076728221F0000D9D110 /* SetWeightRepsCell.swift */; };
		0FE1076A282221DB00D9D110 /* SetWeightRepsTableView.swift in Sources */ = {isa = PBXBuildFile; fileRef = 0FE10769282221DB00D9D110 /* SetWeightRepsTableView.swift */; };
		0FE1076C2822242100D9D110 /* SetWeightRepsTableHeaderView.swift in Sources */ = {isa = PBXBuildFile; fileRef = 0FE1076B2822242100D9D110 /* SetWeightRepsTableHeaderView.swift */; };
		0FE1076E28224BF100D9D110 /* AddCell.swift in Sources */ = {isa = PBXBuildFile; fileRef = 0FE1076D28224BF100D9D110 /* AddCell.swift */; };
		0FE107702823CD6C00D9D110 /* HistoryTableView.swift in Sources */ = {isa = PBXBuildFile; fileRef = 0FE1076F2823CD6C00D9D110 /* HistoryTableView.swift */; };
		0FE107722827D9DA00D9D110 /* HistoryActionModel.swift in Sources */ = {isa = PBXBuildFile; fileRef = 0FE107712827D9DA00D9D110 /* HistoryActionModel.swift */; };
		0FE107742828009400D9D110 /* NoHistoryCell.swift in Sources */ = {isa = PBXBuildFile; fileRef = 0FE107732828009400D9D110 /* NoHistoryCell.swift */; };
		0FE107762828B78700D9D110 /* HistoryLabel.swift in Sources */ = {isa = PBXBuildFile; fileRef = 0FE107752828B78700D9D110 /* HistoryLabel.swift */; };
		0FE401D32842532E006386CF /* CustomActionModel.swift in Sources */ = {isa = PBXBuildFile; fileRef = 0FE401D22842532E006386CF /* CustomActionModel.swift */; };
		0FE401D52842637C006386CF /* ChooseCustomExerciseTableView.swift in Sources */ = {isa = PBXBuildFile; fileRef = 0FE401D42842637C006386CF /* ChooseCustomExerciseTableView.swift */; };
		0FE402192845A87B006386CF /* CustomExerciseCell.swift in Sources */ = {isa = PBXBuildFile; fileRef = 0FE402182845A87B006386CF /* CustomExerciseCell.swift */; };
		0FE98DCC28313DC5008EB8CD /* ChartViewController.storyboard in Resources */ = {isa = PBXBuildFile; fileRef = 0FE98DCB28313DC5008EB8CD /* ChartViewController.storyboard */; };
		0FE98DCE283150E2008EB8CD /* DropDownTextField.swift in Sources */ = {isa = PBXBuildFile; fileRef = 0FE98DCD283150E2008EB8CD /* DropDownTextField.swift */; };
		0FE98DD02831DDD8008EB8CD /* LaunchScreenViewController.swift in Sources */ = {isa = PBXBuildFile; fileRef = 0FE98DCF2831DDD8008EB8CD /* LaunchScreenViewController.swift */; };
		0FE98DDD2832203F008EB8CD /* Chart1Cell.swift in Sources */ = {isa = PBXBuildFile; fileRef = 0FE98DDC2832203F008EB8CD /* Chart1Cell.swift */; };
		0FE98DDF28322232008EB8CD /* Chart2Cell.swift in Sources */ = {isa = PBXBuildFile; fileRef = 0FE98DDE28322232008EB8CD /* Chart2Cell.swift */; };
		0FE98DE128322F39008EB8CD /* Chart3Cell.swift in Sources */ = {isa = PBXBuildFile; fileRef = 0FE98DE028322F39008EB8CD /* Chart3Cell.swift */; };
		0FE98DE32833491E008EB8CD /* ChartsSelectionModel.swift in Sources */ = {isa = PBXBuildFile; fileRef = 0FE98DE22833491E008EB8CD /* ChartsSelectionModel.swift */; };
		0FE98DE52835E9AF008EB8CD /* XAxisNameFormater.swift in Sources */ = {isa = PBXBuildFile; fileRef = 0FE98DE42835E9AF008EB8CD /* XAxisNameFormater.swift */; };
		0FE98E3628362AC9008EB8CD /* Localizable.strings in Resources */ = {isa = PBXBuildFile; fileRef = 0FE98E3828362AC9008EB8CD /* Localizable.strings */; };
		0FE98E472838EEC3008EB8CD /* LanguageOverlayView.xib in Resources */ = {isa = PBXBuildFile; fileRef = 0FE98E462838EEC3008EB8CD /* LanguageOverlayView.xib */; };
		0FE98E492838EED2008EB8CD /* LanguageOverlayView.swift in Sources */ = {isa = PBXBuildFile; fileRef = 0FE98E482838EED2008EB8CD /* LanguageOverlayView.swift */; };
		0FE98E4B2838EF05008EB8CD /* PresentationController.swift in Sources */ = {isa = PBXBuildFile; fileRef = 0FE98E4A2838EF05008EB8CD /* PresentationController.swift */; };
		0FEBB59B2839055E005AF29E /* LanguageCell.swift in Sources */ = {isa = PBXBuildFile; fileRef = 0FEBB59A2839055E005AF29E /* LanguageCell.swift */; };
		0FEBB5DB283CBC39005AF29E /* GifHelper.swift in Sources */ = {isa = PBXBuildFile; fileRef = 0FEBB5DA283CBC39005AF29E /* GifHelper.swift */; };
		DD742885EFED5C5314E72CC2 /* Pods_GYMHackTests.framework in Frameworks */ = {isa = PBXBuildFile; fileRef = 155EDF464F1BF81997405987 /* Pods_GYMHackTests.framework */; };
/* End PBXBuildFile section */

/* Begin PBXContainerItemProxy section */
		0F99CC3428144BAC00994329 /* PBXContainerItemProxy */ = {
			isa = PBXContainerItemProxy;
			containerPortal = 0F99CC1228144BAB00994329 /* Project object */;
			proxyType = 1;
			remoteGlobalIDString = 0F99CC1928144BAB00994329;
			remoteInfo = WorkoutTrack;
		};
/* End PBXContainerItemProxy section */

/* Begin PBXFileReference section */
		0F0FD99428164C35001ACCDB /* Sections.swift */ = {isa = PBXFileReference; lastKnownFileType = sourcecode.swift; path = Sections.swift; sourceTree = "<group>"; };
		0F0FD99628166FCC001ACCDB /* SectionsCell.swift */ = {isa = PBXFileReference; lastKnownFileType = sourcecode.swift; path = SectionsCell.swift; sourceTree = "<group>"; };
		0F0FD99828167440001ACCDB /* ExpandCell.swift */ = {isa = PBXFileReference; lastKnownFileType = sourcecode.swift; path = ExpandCell.swift; sourceTree = "<group>"; };
		0F0FD99B2816A84C001ACCDB /* AddActionModel.swift */ = {isa = PBXFileReference; lastKnownFileType = sourcecode.swift; path = AddActionModel.swift; sourceTree = "<group>"; };
		0F1CDD802B35836C0080C5F5 /* launchScreen.gif */ = {isa = PBXFileReference; lastKnownFileType = image.gif; path = launchScreen.gif; sourceTree = "<group>"; };
		0F345A382B6B5E57007528BD /* CoreDataCreationService.swift */ = {isa = PBXFileReference; lastKnownFileType = sourcecode.swift; path = CoreDataCreationService.swift; sourceTree = "<group>"; };
		0F345A3A2B6B5EA5007528BD /* CoreDataFetchingService.swift */ = {isa = PBXFileReference; lastKnownFileType = sourcecode.swift; path = CoreDataFetchingService.swift; sourceTree = "<group>"; };
		0F345A3C2B6B5F3F007528BD /* CoreDataUpdatingService.swift */ = {isa = PBXFileReference; lastKnownFileType = sourcecode.swift; path = CoreDataUpdatingService.swift; sourceTree = "<group>"; };
		0F345A3E2B6B6139007528BD /* CoreDataDeletionService.swift */ = {isa = PBXFileReference; lastKnownFileType = sourcecode.swift; path = CoreDataDeletionService.swift; sourceTree = "<group>"; };
		0F345A422B6B675B007528BD /* DetailedSaverTests.swift */ = {isa = PBXFileReference; lastKnownFileType = sourcecode.swift; path = DetailedSaverTests.swift; sourceTree = "<group>"; };
		0F361F32288A3474004B322E /* AdmobID.swift */ = {isa = PBXFileReference; lastKnownFileType = sourcecode.swift; path = AdmobID.swift; sourceTree = "<group>"; };
		0F361F34288A3532004B322E /* DropDownTextFieldID.swift */ = {isa = PBXFileReference; lastKnownFileType = sourcecode.swift; path = DropDownTextFieldID.swift; sourceTree = "<group>"; };
		0F361F45288E6706004B322E /* Log.swift */ = {isa = PBXFileReference; lastKnownFileType = sourcecode.swift; path = Log.swift; sourceTree = "<group>"; };
		0F368C512817BB1B0098667E /* zh-Hant */ = {isa = PBXFileReference; lastKnownFileType = text.plist.strings; name = "zh-Hant"; path = "zh-Hant.lproj/Main.strings"; sourceTree = "<group>"; };
		0F368C522817BB1B0098667E /* zh-Hant */ = {isa = PBXFileReference; lastKnownFileType = text.plist.strings; name = "zh-Hant"; path = "zh-Hant.lproj/LaunchScreen.strings"; sourceTree = "<group>"; };
		0F368C562817BB810098667E /* en */ = {isa = PBXFileReference; lastKnownFileType = text.plist.strings; name = en; path = en.lproj/Main.strings; sourceTree = "<group>"; };
		0F368C572817BD660098667E /* CoredataService.swift */ = {isa = PBXFileReference; lastKnownFileType = sourcecode.swift; path = CoredataService.swift; sourceTree = "<group>"; };
		0F3894B62B89A1FC000FED69 /* DetailedTestHelpers.swift */ = {isa = PBXFileReference; lastKnownFileType = sourcecode.swift; path = DetailedTestHelpers.swift; sourceTree = "<group>"; };
		0F3894B82B89B655000FED69 /* DetailedDataLoader.swift */ = {isa = PBXFileReference; lastKnownFileType = sourcecode.swift; path = DetailedDataLoader.swift; sourceTree = "<group>"; };
		0F3894BB2B89B74D000FED69 /* DetailedLoader.swift */ = {isa = PBXFileReference; lastKnownFileType = sourcecode.swift; path = DetailedLoader.swift; sourceTree = "<group>"; };
		0F3894BE2B89B7C4000FED69 /* DetailRetrievalStore.swift */ = {isa = PBXFileReference; lastKnownFileType = sourcecode.swift; path = DetailRetrievalStore.swift; sourceTree = "<group>"; };
		0F3894C12B89BD58000FED69 /* DetailedSaver.swift */ = {isa = PBXFileReference; lastKnownFileType = sourcecode.swift; path = DetailedSaver.swift; sourceTree = "<group>"; };
		0F3894C42B8A6494000FED69 /* ActionLoaderTests.swift */ = {isa = PBXFileReference; lastKnownFileType = sourcecode.swift; path = ActionLoaderTests.swift; sourceTree = "<group>"; };
		0F3894C62B8A65E5000FED69 /* ActionFeedStoreSpy.swift */ = {isa = PBXFileReference; lastKnownFileType = sourcecode.swift; path = ActionFeedStoreSpy.swift; sourceTree = "<group>"; };
		0F3894CC2B8BDF9F000FED69 /* XCTestHelpers.swift */ = {isa = PBXFileReference; lastKnownFileType = sourcecode.swift; path = XCTestHelpers.swift; sourceTree = "<group>"; };
		0F3894CE2B8BE5A3000FED69 /* ActionRetrievalStore.swift */ = {isa = PBXFileReference; lastKnownFileType = sourcecode.swift; path = ActionRetrievalStore.swift; sourceTree = "<group>"; };
		0F3894D12B8BE5CA000FED69 /* ActionLoader.swift */ = {isa = PBXFileReference; lastKnownFileType = sourcecode.swift; path = ActionLoader.swift; sourceTree = "<group>"; };
		0F3894D42B8BE705000FED69 /* ActionDataLoader.swift */ = {isa = PBXFileReference; lastKnownFileType = sourcecode.swift; path = ActionDataLoader.swift; sourceTree = "<group>"; };
		0F44BA4D2828F098001AD835 /* TabBarViewController.swift */ = {isa = PBXFileReference; lastKnownFileType = sourcecode.swift; path = TabBarViewController.swift; sourceTree = "<group>"; };
		0F44BA4F2828F17B001AD835 /* MonthlyViewController.swift */ = {isa = PBXFileReference; lastKnownFileType = sourcecode.swift; path = MonthlyViewController.swift; sourceTree = "<group>"; };
		0F44BA512828F1A3001AD835 /* ChartViewController.swift */ = {isa = PBXFileReference; lastKnownFileType = sourcecode.swift; path = ChartViewController.swift; sourceTree = "<group>"; };
		0F44BA5328290D8D001AD835 /* MonthlyViewController.storyboard */ = {isa = PBXFileReference; lastKnownFileType = file.storyboard; path = MonthlyViewController.storyboard; sourceTree = "<group>"; };
		0F62EC56282D03D5004952F4 /* AppIcon.appiconset */ = {isa = PBXFileReference; lastKnownFileType = folder; name = AppIcon.appiconset; path = Assets.xcassets/AppIcon.appiconset; sourceTree = "<group>"; };
		0F65307A28910A9000F55F88 /* WeeklyViewModel.swift */ = {isa = PBXFileReference; lastKnownFileType = sourcecode.swift; path = WeeklyViewModel.swift; sourceTree = "<group>"; };
		0F71DA102B702A3A0044C999 /* ContextProvider.swift */ = {isa = PBXFileReference; lastKnownFileType = sourcecode.swift; path = ContextProvider.swift; sourceTree = "<group>"; };
		0F71DA182B7048BE0044C999 /* XCTest+MemoryLeaksTracking.swift */ = {isa = PBXFileReference; lastKnownFileType = sourcecode.swift; path = "XCTest+MemoryLeaksTracking.swift"; sourceTree = "<group>"; };
		0F71DA1A2B707B860044C999 /* DetailedDataSaver.swift */ = {isa = PBXFileReference; lastKnownFileType = sourcecode.swift; path = DetailedDataSaver.swift; sourceTree = "<group>"; };
		0F71DA1D2B707BAD0044C999 /* DetailAdditionStore.swift */ = {isa = PBXFileReference; lastKnownFileType = sourcecode.swift; path = DetailAdditionStore.swift; sourceTree = "<group>"; };
		0F71DA1F2B707D100044C999 /* CoreDataLocalFeedStoreTests.swift */ = {isa = PBXFileReference; lastKnownFileType = sourcecode.swift; path = CoreDataLocalFeedStoreTests.swift; sourceTree = "<group>"; };
		0F71DA222B707EB20044C999 /* DetailedDTO.swift */ = {isa = PBXFileReference; lastKnownFileType = sourcecode.swift; path = DetailedDTO.swift; sourceTree = "<group>"; };
		0F71DA242B71D30D0044C999 /* ActionAdditionStore.swift */ = {isa = PBXFileReference; lastKnownFileType = sourcecode.swift; path = ActionAdditionStore.swift; sourceTree = "<group>"; };
		0F71DA262B71D3750044C999 /* ActionDataSaver.swift */ = {isa = PBXFileReference; lastKnownFileType = sourcecode.swift; path = ActionDataSaver.swift; sourceTree = "<group>"; };
		0F71DA282B71D3E00044C999 /* ActionSaverTests.swift */ = {isa = PBXFileReference; lastKnownFileType = sourcecode.swift; path = ActionSaverTests.swift; sourceTree = "<group>"; };
		0F71DA382B7FDE420044C999 /* DetailedLoaderTests.swift */ = {isa = PBXFileReference; lastKnownFileType = sourcecode.swift; path = DetailedLoaderTests.swift; sourceTree = "<group>"; };
		0F71DA472B8684B20044C999 /* DetailedDTOStoreSpy.swift */ = {isa = PBXFileReference; lastKnownFileType = sourcecode.swift; path = DetailedDTOStoreSpy.swift; sourceTree = "<group>"; };
		0F910A842855B2C700461016 /* AppConfig.swift */ = {isa = PBXFileReference; lastKnownFileType = sourcecode.swift; path = AppConfig.swift; sourceTree = "<group>"; };
		0F99CC1A28144BAB00994329 /* GYMHack.app */ = {isa = PBXFileReference; explicitFileType = wrapper.application; includeInIndex = 0; path = GYMHack.app; sourceTree = BUILT_PRODUCTS_DIR; };
		0F99CC1D28144BAB00994329 /* AppDelegate.swift */ = {isa = PBXFileReference; lastKnownFileType = sourcecode.swift; path = AppDelegate.swift; sourceTree = "<group>"; };
		0F99CC1F28144BAB00994329 /* SceneDelegate.swift */ = {isa = PBXFileReference; lastKnownFileType = sourcecode.swift; path = SceneDelegate.swift; sourceTree = "<group>"; };
		0F99CC2128144BAB00994329 /* WeeklyViewController.swift */ = {isa = PBXFileReference; lastKnownFileType = sourcecode.swift; path = WeeklyViewController.swift; sourceTree = "<group>"; };
		0F99CC2428144BAB00994329 /* Base */ = {isa = PBXFileReference; lastKnownFileType = file.storyboard; name = Base; path = Base.lproj/Main.storyboard; sourceTree = "<group>"; };
		0F99CC2728144BAB00994329 /* WorkoutTrack.xcdatamodel */ = {isa = PBXFileReference; lastKnownFileType = wrapper.xcdatamodel; path = WorkoutTrack.xcdatamodel; sourceTree = "<group>"; };
		0F99CC2928144BAB00994329 /* Assets.xcassets */ = {isa = PBXFileReference; lastKnownFileType = folder.assetcatalog; path = Assets.xcassets; sourceTree = "<group>"; };
		0F99CC2C28144BAB00994329 /* Base */ = {isa = PBXFileReference; lastKnownFileType = file.storyboard; name = Base; path = Base.lproj/LaunchScreen.storyboard; sourceTree = "<group>"; };
		0F99CC2E28144BAB00994329 /* Info.plist */ = {isa = PBXFileReference; lastKnownFileType = text.plist.xml; path = Info.plist; sourceTree = "<group>"; };
		0F99CC3328144BAC00994329 /* GYMHackTests.xctest */ = {isa = PBXFileReference; explicitFileType = wrapper.cfbundle; includeInIndex = 0; path = GYMHackTests.xctest; sourceTree = BUILT_PRODUCTS_DIR; };
		0F99CC3728144BAC00994329 /* WorkoutTrackTests.swift */ = {isa = PBXFileReference; lastKnownFileType = sourcecode.swift; path = WorkoutTrackTests.swift; sourceTree = "<group>"; };
		0F99CC5028144BC000994329 /* Extension.swift */ = {isa = PBXFileReference; lastKnownFileType = sourcecode.swift; path = Extension.swift; sourceTree = "<group>"; };
		0F99CC55281450E200994329 /* SFSymbolButton.swift */ = {isa = PBXFileReference; lastKnownFileType = sourcecode.swift; path = SFSymbolButton.swift; sourceTree = "<group>"; };
		0F99CC58281457D900994329 /* Moves.plist */ = {isa = PBXFileReference; lastKnownFileType = text.plist.xml; path = Moves.plist; sourceTree = "<group>"; };
		0F99CC5A28145E5C00994329 /* Moves.swift */ = {isa = PBXFileReference; lastKnownFileType = sourcecode.swift; path = Moves.swift; sourceTree = "<group>"; };
		0F99CC5C28152E4900994329 /* WeekProgressView.swift */ = {isa = PBXFileReference; lastKnownFileType = sourcecode.swift; path = WeekProgressView.swift; sourceTree = "<group>"; };
		0F99CC5E2815730500994329 /* WeekdayButton.swift */ = {isa = PBXFileReference; lastKnownFileType = sourcecode.swift; path = WeekdayButton.swift; sourceTree = "<group>"; };
		0F99CC62281595C000994329 /* DateLabel.swift */ = {isa = PBXFileReference; lastKnownFileType = sourcecode.swift; path = DateLabel.swift; sourceTree = "<group>"; };
		0FE106FD281E4E7F00D9D110 /* AddActionViewController.swift */ = {isa = PBXFileReference; lastKnownFileType = sourcecode.swift; path = AddActionViewController.swift; sourceTree = "<group>"; };
		0FE10711281EA3DF00D9D110 /* CollapsibleView.swift */ = {isa = PBXFileReference; lastKnownFileType = sourcecode.swift; path = CollapsibleView.swift; sourceTree = "<group>"; };
		0FE10713281ECBB400D9D110 /* CollapsibleBodyView.swift */ = {isa = PBXFileReference; lastKnownFileType = sourcecode.swift; path = CollapsibleBodyView.swift; sourceTree = "<group>"; };
		0FE10715281ECD9D00D9D110 /* CollapsibleExerciseView.swift */ = {isa = PBXFileReference; lastKnownFileType = sourcecode.swift; path = CollapsibleExerciseView.swift; sourceTree = "<group>"; };
		0FE10717281ECDCB00D9D110 /* CollapsibleSetView.swift */ = {isa = PBXFileReference; lastKnownFileType = sourcecode.swift; path = CollapsibleSetView.swift; sourceTree = "<group>"; };
		0FE10719281FA74900D9D110 /* NewActionViewController.swift */ = {isa = PBXFileReference; lastKnownFileType = sourcecode.swift; path = NewActionViewController.swift; sourceTree = "<group>"; };
		0FE10757281FD9DD00D9D110 /* NewExercise.swift */ = {isa = PBXFileReference; lastKnownFileType = sourcecode.swift; path = NewExercise.swift; sourceTree = "<group>"; };
		0FE107592820CB0A00D9D110 /* WeekDateChooseTableView.swift */ = {isa = PBXFileReference; lastKnownFileType = sourcecode.swift; path = WeekDateChooseTableView.swift; sourceTree = "<group>"; };
		0FE1075B2820D0AA00D9D110 /* ChooseCell.swift */ = {isa = PBXFileReference; lastKnownFileType = sourcecode.swift; path = ChooseCell.swift; sourceTree = "<group>"; };
		0FE107612821038200D9D110 /* ChooseBodyTableView.swift */ = {isa = PBXFileReference; lastKnownFileType = sourcecode.swift; path = ChooseBodyTableView.swift; sourceTree = "<group>"; };
		0FE10763282107AF00D9D110 /* ChooseExerciseTableView.swift */ = {isa = PBXFileReference; lastKnownFileType = sourcecode.swift; path = ChooseExerciseTableView.swift; sourceTree = "<group>"; };
		0FE1076528211F5100D9D110 /* HistoryCell.swift */ = {isa = PBXFileReference; lastKnownFileType = sourcecode.swift; path = HistoryCell.swift; sourceTree = "<group>"; };
		0FE1076728221F0000D9D110 /* SetWeightRepsCell.swift */ = {isa = PBXFileReference; lastKnownFileType = sourcecode.swift; path = SetWeightRepsCell.swift; sourceTree = "<group>"; };
		0FE10769282221DB00D9D110 /* SetWeightRepsTableView.swift */ = {isa = PBXFileReference; lastKnownFileType = sourcecode.swift; path = SetWeightRepsTableView.swift; sourceTree = "<group>"; };
		0FE1076B2822242100D9D110 /* SetWeightRepsTableHeaderView.swift */ = {isa = PBXFileReference; lastKnownFileType = sourcecode.swift; path = SetWeightRepsTableHeaderView.swift; sourceTree = "<group>"; };
		0FE1076D28224BF100D9D110 /* AddCell.swift */ = {isa = PBXFileReference; lastKnownFileType = sourcecode.swift; path = AddCell.swift; sourceTree = "<group>"; };
		0FE1076F2823CD6C00D9D110 /* HistoryTableView.swift */ = {isa = PBXFileReference; lastKnownFileType = sourcecode.swift; path = HistoryTableView.swift; sourceTree = "<group>"; };
		0FE107712827D9DA00D9D110 /* HistoryActionModel.swift */ = {isa = PBXFileReference; lastKnownFileType = sourcecode.swift; path = HistoryActionModel.swift; sourceTree = "<group>"; };
		0FE107732828009400D9D110 /* NoHistoryCell.swift */ = {isa = PBXFileReference; lastKnownFileType = sourcecode.swift; path = NoHistoryCell.swift; sourceTree = "<group>"; };
		0FE107752828B78700D9D110 /* HistoryLabel.swift */ = {isa = PBXFileReference; lastKnownFileType = sourcecode.swift; path = HistoryLabel.swift; sourceTree = "<group>"; };
		0FE401D22842532E006386CF /* CustomActionModel.swift */ = {isa = PBXFileReference; lastKnownFileType = sourcecode.swift; path = CustomActionModel.swift; sourceTree = "<group>"; };
		0FE401D42842637C006386CF /* ChooseCustomExerciseTableView.swift */ = {isa = PBXFileReference; lastKnownFileType = sourcecode.swift; path = ChooseCustomExerciseTableView.swift; sourceTree = "<group>"; };
		0FE402182845A87B006386CF /* CustomExerciseCell.swift */ = {isa = PBXFileReference; lastKnownFileType = sourcecode.swift; path = CustomExerciseCell.swift; sourceTree = "<group>"; };
		0FE98DCB28313DC5008EB8CD /* ChartViewController.storyboard */ = {isa = PBXFileReference; lastKnownFileType = file.storyboard; path = ChartViewController.storyboard; sourceTree = "<group>"; };
		0FE98DCD283150E2008EB8CD /* DropDownTextField.swift */ = {isa = PBXFileReference; lastKnownFileType = sourcecode.swift; path = DropDownTextField.swift; sourceTree = "<group>"; };
		0FE98DCF2831DDD8008EB8CD /* LaunchScreenViewController.swift */ = {isa = PBXFileReference; lastKnownFileType = sourcecode.swift; path = LaunchScreenViewController.swift; sourceTree = "<group>"; };
		0FE98DDC2832203F008EB8CD /* Chart1Cell.swift */ = {isa = PBXFileReference; lastKnownFileType = sourcecode.swift; path = Chart1Cell.swift; sourceTree = "<group>"; };
		0FE98DDE28322232008EB8CD /* Chart2Cell.swift */ = {isa = PBXFileReference; lastKnownFileType = sourcecode.swift; path = Chart2Cell.swift; sourceTree = "<group>"; };
		0FE98DE028322F39008EB8CD /* Chart3Cell.swift */ = {isa = PBXFileReference; lastKnownFileType = sourcecode.swift; path = Chart3Cell.swift; sourceTree = "<group>"; };
		0FE98DE22833491E008EB8CD /* ChartsSelectionModel.swift */ = {isa = PBXFileReference; lastKnownFileType = sourcecode.swift; path = ChartsSelectionModel.swift; sourceTree = "<group>"; };
		0FE98DE42835E9AF008EB8CD /* XAxisNameFormater.swift */ = {isa = PBXFileReference; lastKnownFileType = sourcecode.swift; path = XAxisNameFormater.swift; sourceTree = "<group>"; };
		0FE98E292836240B008EB8CD /* en */ = {isa = PBXFileReference; lastKnownFileType = text.plist.strings; name = en; path = en.lproj/LaunchScreen.strings; sourceTree = "<group>"; };
		0FE98E3728362AC9008EB8CD /* en */ = {isa = PBXFileReference; lastKnownFileType = text.plist.strings; name = en; path = en.lproj/Localizable.strings; sourceTree = "<group>"; };
		0FE98E3928362ACA008EB8CD /* zh-Hant */ = {isa = PBXFileReference; lastKnownFileType = text.plist.strings; name = "zh-Hant"; path = "zh-Hant.lproj/Localizable.strings"; sourceTree = "<group>"; };
		0FE98E462838EEC3008EB8CD /* LanguageOverlayView.xib */ = {isa = PBXFileReference; lastKnownFileType = file.xib; path = LanguageOverlayView.xib; sourceTree = "<group>"; };
		0FE98E482838EED2008EB8CD /* LanguageOverlayView.swift */ = {isa = PBXFileReference; lastKnownFileType = sourcecode.swift; path = LanguageOverlayView.swift; sourceTree = "<group>"; };
		0FE98E4A2838EF05008EB8CD /* PresentationController.swift */ = {isa = PBXFileReference; lastKnownFileType = sourcecode.swift; path = PresentationController.swift; sourceTree = "<group>"; };
		0FEBB59A2839055E005AF29E /* LanguageCell.swift */ = {isa = PBXFileReference; lastKnownFileType = sourcecode.swift; path = LanguageCell.swift; sourceTree = "<group>"; };
		0FEBB5DA283CBC39005AF29E /* GifHelper.swift */ = {isa = PBXFileReference; lastKnownFileType = sourcecode.swift; path = GifHelper.swift; sourceTree = "<group>"; };
		155EDF464F1BF81997405987 /* Pods_GYMHackTests.framework */ = {isa = PBXFileReference; explicitFileType = wrapper.framework; includeInIndex = 0; path = Pods_GYMHackTests.framework; sourceTree = BUILT_PRODUCTS_DIR; };
		3F44A8279739F2037D277C98 /* Pods-GYMHack.release.xcconfig */ = {isa = PBXFileReference; includeInIndex = 1; lastKnownFileType = text.xcconfig; name = "Pods-GYMHack.release.xcconfig"; path = "Target Support Files/Pods-GYMHack/Pods-GYMHack.release.xcconfig"; sourceTree = "<group>"; };
		63FB740155788ADC43B5F06B /* Pods-GYMHackTests.debug.xcconfig */ = {isa = PBXFileReference; includeInIndex = 1; lastKnownFileType = text.xcconfig; name = "Pods-GYMHackTests.debug.xcconfig"; path = "Target Support Files/Pods-GYMHackTests/Pods-GYMHackTests.debug.xcconfig"; sourceTree = "<group>"; };
		6C78CFCB957A90D19C4353C6 /* Pods-GYMHack-GYMHackUITests.debug.xcconfig */ = {isa = PBXFileReference; includeInIndex = 1; lastKnownFileType = text.xcconfig; name = "Pods-GYMHack-GYMHackUITests.debug.xcconfig"; path = "Target Support Files/Pods-GYMHack-GYMHackUITests/Pods-GYMHack-GYMHackUITests.debug.xcconfig"; sourceTree = "<group>"; };
		6EB57CD564A0E6D8744EB44C /* Pods-GYMHack-GYMHackUITests.release.xcconfig */ = {isa = PBXFileReference; includeInIndex = 1; lastKnownFileType = text.xcconfig; name = "Pods-GYMHack-GYMHackUITests.release.xcconfig"; path = "Target Support Files/Pods-GYMHack-GYMHackUITests/Pods-GYMHack-GYMHackUITests.release.xcconfig"; sourceTree = "<group>"; };
		7C456BD40B3FFE0949B35991 /* Pods-WorkoutTrack.release.xcconfig */ = {isa = PBXFileReference; includeInIndex = 1; lastKnownFileType = text.xcconfig; name = "Pods-WorkoutTrack.release.xcconfig"; path = "Target Support Files/Pods-WorkoutTrack/Pods-WorkoutTrack.release.xcconfig"; sourceTree = "<group>"; };
		7E78E625DD9470E5864511A9 /* Pods-WorkoutTrack.debug.xcconfig */ = {isa = PBXFileReference; includeInIndex = 1; lastKnownFileType = text.xcconfig; name = "Pods-WorkoutTrack.debug.xcconfig"; path = "Target Support Files/Pods-WorkoutTrack/Pods-WorkoutTrack.debug.xcconfig"; sourceTree = "<group>"; };
		B8921F136C22275771217C99 /* Pods-GYMHackTests.release.xcconfig */ = {isa = PBXFileReference; includeInIndex = 1; lastKnownFileType = text.xcconfig; name = "Pods-GYMHackTests.release.xcconfig"; path = "Target Support Files/Pods-GYMHackTests/Pods-GYMHackTests.release.xcconfig"; sourceTree = "<group>"; };
		CC09AE760C2D1671A009A8E1 /* Pods_GYMHack_GYMHackUITests.framework */ = {isa = PBXFileReference; explicitFileType = wrapper.framework; includeInIndex = 0; path = Pods_GYMHack_GYMHackUITests.framework; sourceTree = BUILT_PRODUCTS_DIR; };
		CFFAD302473903BA2BFA2AB4 /* Pods_GYMHack.framework */ = {isa = PBXFileReference; explicitFileType = wrapper.framework; includeInIndex = 0; path = Pods_GYMHack.framework; sourceTree = BUILT_PRODUCTS_DIR; };
		D45DFA4C8706E9BD9C7D0D4B /* Pods-GYMHack.debug.xcconfig */ = {isa = PBXFileReference; includeInIndex = 1; lastKnownFileType = text.xcconfig; name = "Pods-GYMHack.debug.xcconfig"; path = "Target Support Files/Pods-GYMHack/Pods-GYMHack.debug.xcconfig"; sourceTree = "<group>"; };
/* End PBXFileReference section */

/* Begin PBXFrameworksBuildPhase section */
		0F99CC1728144BAB00994329 /* Frameworks */ = {
			isa = PBXFrameworksBuildPhase;
			buildActionMask = 2147483647;
			files = (
				07C293D2CAC68FE847CEE50C /* Pods_GYMHack.framework in Frameworks */,
			);
			runOnlyForDeploymentPostprocessing = 0;
		};
		0F99CC3028144BAC00994329 /* Frameworks */ = {
			isa = PBXFrameworksBuildPhase;
			buildActionMask = 2147483647;
			files = (
				DD742885EFED5C5314E72CC2 /* Pods_GYMHackTests.framework in Frameworks */,
			);
			runOnlyForDeploymentPostprocessing = 0;
		};
/* End PBXFrameworksBuildPhase section */

/* Begin PBXGroup section */
		0F0FD99A28167A4A001ACCDB /* TableViewCells */ = {
			isa = PBXGroup;
			children = (
				0F0FD99628166FCC001ACCDB /* SectionsCell.swift */,
				0F0FD99828167440001ACCDB /* ExpandCell.swift */,
				0FE1075B2820D0AA00D9D110 /* ChooseCell.swift */,
				0FE402182845A87B006386CF /* CustomExerciseCell.swift */,
				0FE1076728221F0000D9D110 /* SetWeightRepsCell.swift */,
				0FE1076D28224BF100D9D110 /* AddCell.swift */,
				0FE1076528211F5100D9D110 /* HistoryCell.swift */,
				0FE107732828009400D9D110 /* NoHistoryCell.swift */,
				0FE98DDC2832203F008EB8CD /* Chart1Cell.swift */,
				0FE98DDE28322232008EB8CD /* Chart2Cell.swift */,
				0FE98DE028322F39008EB8CD /* Chart3Cell.swift */,
				0FEBB59A2839055E005AF29E /* LanguageCell.swift */,
			);
			name = TableViewCells;
			sourceTree = "<group>";
		};
		0F345A372B6B5E4A007528BD /* Loader */ = {
			isa = PBXGroup;
			children = (
				0F71DA212B707E9B0044C999 /* Implementations */,
				0F71DA2A2B71E0090044C999 /* Details */,
				0F71DA2B2B71E0150044C999 /* Action */,
				0F3894BB2B89B74D000FED69 /* DetailedLoader.swift */,
				0F3894C12B89BD58000FED69 /* DetailedSaver.swift */,
				0F3894D12B8BE5CA000FED69 /* ActionLoader.swift */,
			);
			path = Loader;
			sourceTree = "<group>";
		};
		0F3894C82B8BDEF7000FED69 /* Detailed */ = {
			isa = PBXGroup;
			children = (
				0F71DA122B70416B0044C999 /* Helpers */,
				0F345A422B6B675B007528BD /* DetailedSaverTests.swift */,
				0F71DA382B7FDE420044C999 /* DetailedLoaderTests.swift */,
			);
			path = Detailed;
			sourceTree = "<group>";
		};
		0F3894C92B8BDF29000FED69 /* Action */ = {
			isa = PBXGroup;
			children = (
				0F3894CA2B8BDF36000FED69 /* Helpers */,
				0F71DA282B71D3E00044C999 /* ActionSaverTests.swift */,
				0F3894C42B8A6494000FED69 /* ActionLoaderTests.swift */,
			);
			path = Action;
			sourceTree = "<group>";
		};
		0F3894CA2B8BDF36000FED69 /* Helpers */ = {
			isa = PBXGroup;
			children = (
				0F3894C62B8A65E5000FED69 /* ActionFeedStoreSpy.swift */,
			);
			path = Helpers;
			sourceTree = "<group>";
		};
		0F3894CB2B8BDF4E000FED69 /* Helpers */ = {
			isa = PBXGroup;
			children = (
				0F71DA182B7048BE0044C999 /* XCTest+MemoryLeaksTracking.swift */,
				0F3894CC2B8BDF9F000FED69 /* XCTestHelpers.swift */,
			);
			path = Helpers;
			sourceTree = "<group>";
		};
		0F65307928910A7000F55F88 /* ViewModels */ = {
			isa = PBXGroup;
			children = (
				0F65307A28910A9000F55F88 /* WeeklyViewModel.swift */,
			);
			path = ViewModels;
			sourceTree = "<group>";
		};
		0F71DA122B70416B0044C999 /* Helpers */ = {
			isa = PBXGroup;
			children = (
				0F71DA472B8684B20044C999 /* DetailedDTOStoreSpy.swift */,
				0F3894B62B89A1FC000FED69 /* DetailedTestHelpers.swift */,
			);
			path = Helpers;
			sourceTree = "<group>";
		};
		0F71DA212B707E9B0044C999 /* Implementations */ = {
			isa = PBXGroup;
			children = (
				0F345A382B6B5E57007528BD /* CoreDataCreationService.swift */,
				0F345A3A2B6B5EA5007528BD /* CoreDataFetchingService.swift */,
				0F345A3C2B6B5F3F007528BD /* CoreDataUpdatingService.swift */,
				0F345A3E2B6B6139007528BD /* CoreDataDeletionService.swift */,
			);
			path = Implementations;
			sourceTree = "<group>";
		};
		0F71DA2A2B71E0090044C999 /* Details */ = {
			isa = PBXGroup;
			children = (
				0F71DA222B707EB20044C999 /* DetailedDTO.swift */,
				0F71DA1A2B707B860044C999 /* DetailedDataSaver.swift */,
				0F71DA1D2B707BAD0044C999 /* DetailAdditionStore.swift */,
				0F3894B82B89B655000FED69 /* DetailedDataLoader.swift */,
				0F3894BE2B89B7C4000FED69 /* DetailRetrievalStore.swift */,
			);
			path = Details;
			sourceTree = "<group>";
		};
		0F71DA2B2B71E0150044C999 /* Action */ = {
			isa = PBXGroup;
			children = (
				0F71DA262B71D3750044C999 /* ActionDataSaver.swift */,
				0F71DA242B71D30D0044C999 /* ActionAdditionStore.swift */,
				0F3894CE2B8BE5A3000FED69 /* ActionRetrievalStore.swift */,
				0F3894D42B8BE705000FED69 /* ActionDataLoader.swift */,
			);
			path = Action;
			sourceTree = "<group>";
		};
		0F99CC1128144BAB00994329 = {
			isa = PBXGroup;
			children = (
				0FE98E3828362AC9008EB8CD /* Localizable.strings */,
				0F99CC1C28144BAB00994329 /* WorkoutTrack */,
				0F99CC3628144BAC00994329 /* WorkoutTrackTests */,
				0F99CC1B28144BAB00994329 /* Products */,
				41542475E09B2CB74F2D517D /* Pods */,
				AF01C82783888908B6314D4A /* Frameworks */,
			);
			sourceTree = "<group>";
		};
		0F99CC1B28144BAB00994329 /* Products */ = {
			isa = PBXGroup;
			children = (
				0F99CC1A28144BAB00994329 /* GYMHack.app */,
				0F99CC3328144BAC00994329 /* GYMHackTests.xctest */,
			);
			name = Products;
			sourceTree = "<group>";
		};
		0F99CC1C28144BAB00994329 /* WorkoutTrack */ = {
			isa = PBXGroup;
			children = (
				0F99CC1D28144BAB00994329 /* AppDelegate.swift */,
				0F99CC1F28144BAB00994329 /* SceneDelegate.swift */,
				0F345A372B6B5E4A007528BD /* Loader */,
				0F65307928910A7000F55F88 /* ViewModels */,
				0F99CC572814575E00994329 /* Models */,
				0F99CC54281450D100994329 /* Views */,
				0F99CC5228144BF300994329 /* Controllers */,
				0F99CC5328144F0100994329 /* Utility */,
				0F99CC2328144BAB00994329 /* Main.storyboard */,
				0F99CC2928144BAB00994329 /* Assets.xcassets */,
				0F1CDD802B35836C0080C5F5 /* launchScreen.gif */,
				0F62EC56282D03D5004952F4 /* AppIcon.appiconset */,
				0F99CC2B28144BAB00994329 /* LaunchScreen.storyboard */,
				0F99CC2E28144BAB00994329 /* Info.plist */,
				0F99CC2628144BAB00994329 /* WorkoutTrack.xcdatamodeld */,
			);
			path = WorkoutTrack;
			sourceTree = "<group>";
		};
		0F99CC3628144BAC00994329 /* WorkoutTrackTests */ = {
			isa = PBXGroup;
			children = (
				0F3894CB2B8BDF4E000FED69 /* Helpers */,
				0F3894C92B8BDF29000FED69 /* Action */,
				0F3894C82B8BDEF7000FED69 /* Detailed */,
				0F99CC3728144BAC00994329 /* WorkoutTrackTests.swift */,
				0F71DA1F2B707D100044C999 /* CoreDataLocalFeedStoreTests.swift */,
			);
			path = WorkoutTrackTests;
			sourceTree = "<group>";
		};
		0F99CC5228144BF300994329 /* Controllers */ = {
			isa = PBXGroup;
			children = (
				0FE98DCF2831DDD8008EB8CD /* LaunchScreenViewController.swift */,
				0F44BA4D2828F098001AD835 /* TabBarViewController.swift */,
				0F99CC2128144BAB00994329 /* WeeklyViewController.swift */,
				0FE10719281FA74900D9D110 /* NewActionViewController.swift */,
				0F44BA4F2828F17B001AD835 /* MonthlyViewController.swift */,
				0F44BA5328290D8D001AD835 /* MonthlyViewController.storyboard */,
				0F44BA512828F1A3001AD835 /* ChartViewController.swift */,
				0FE98DCB28313DC5008EB8CD /* ChartViewController.storyboard */,
				0FE98E4A2838EF05008EB8CD /* PresentationController.swift */,
				0FE98E462838EEC3008EB8CD /* LanguageOverlayView.xib */,
				0FE98E482838EED2008EB8CD /* LanguageOverlayView.swift */,
				0FE1075E2820FD9D00D9D110 /* Beta */,
			);
			path = Controllers;
			sourceTree = "<group>";
		};
		0F99CC5328144F0100994329 /* Utility */ = {
			isa = PBXGroup;
			children = (
				0F368C572817BD660098667E /* CoredataService.swift */,
				0F99CC5028144BC000994329 /* Extension.swift */,
				0FE98DE42835E9AF008EB8CD /* XAxisNameFormater.swift */,
				0FEBB5DA283CBC39005AF29E /* GifHelper.swift */,
				0F910A842855B2C700461016 /* AppConfig.swift */,
				0F361F45288E6706004B322E /* Log.swift */,
				0F71DA102B702A3A0044C999 /* ContextProvider.swift */,
			);
			path = Utility;
			sourceTree = "<group>";
		};
		0F99CC54281450D100994329 /* Views */ = {
			isa = PBXGroup;
			children = (
				0F0FD99A28167A4A001ACCDB /* TableViewCells */,
				0F99CC642815981C00994329 /* Buttons */,
				0FE1066C281BD14B00D9D110 /* Views */,
				0FE1066B281BD14600D9D110 /* Label */,
				0FE98DD928320154008EB8CD /* TextField */,
			);
			path = Views;
			sourceTree = "<group>";
		};
		0F99CC572814575E00994329 /* Models */ = {
			isa = PBXGroup;
			children = (
				0F99CC58281457D900994329 /* Moves.plist */,
				0F99CC5A28145E5C00994329 /* Moves.swift */,
				0F0FD99428164C35001ACCDB /* Sections.swift */,
				0F0FD99B2816A84C001ACCDB /* AddActionModel.swift */,
				0FE107712827D9DA00D9D110 /* HistoryActionModel.swift */,
				0FE10757281FD9DD00D9D110 /* NewExercise.swift */,
				0FE98DE22833491E008EB8CD /* ChartsSelectionModel.swift */,
				0FE401D22842532E006386CF /* CustomActionModel.swift */,
				0F361F32288A3474004B322E /* AdmobID.swift */,
				0F361F34288A3532004B322E /* DropDownTextFieldID.swift */,
			);
			path = Models;
			sourceTree = "<group>";
		};
		0F99CC642815981C00994329 /* Buttons */ = {
			isa = PBXGroup;
			children = (
				0F99CC55281450E200994329 /* SFSymbolButton.swift */,
				0F99CC5E2815730500994329 /* WeekdayButton.swift */,
			);
			path = Buttons;
			sourceTree = "<group>";
		};
		0FE1066B281BD14600D9D110 /* Label */ = {
			isa = PBXGroup;
			children = (
				0F99CC62281595C000994329 /* DateLabel.swift */,
				0FE107752828B78700D9D110 /* HistoryLabel.swift */,
			);
			path = Label;
			sourceTree = "<group>";
		};
		0FE1066C281BD14B00D9D110 /* Views */ = {
			isa = PBXGroup;
			children = (
				0F99CC5C28152E4900994329 /* WeekProgressView.swift */,
				0FE107592820CB0A00D9D110 /* WeekDateChooseTableView.swift */,
				0FE107612821038200D9D110 /* ChooseBodyTableView.swift */,
				0FE10763282107AF00D9D110 /* ChooseExerciseTableView.swift */,
				0FE401D42842637C006386CF /* ChooseCustomExerciseTableView.swift */,
				0FE1076B2822242100D9D110 /* SetWeightRepsTableHeaderView.swift */,
				0FE10769282221DB00D9D110 /* SetWeightRepsTableView.swift */,
				0FE1076F2823CD6C00D9D110 /* HistoryTableView.swift */,
				0FE1075D2820FD8300D9D110 /* Beta */,
			);
			path = Views;
			sourceTree = "<group>";
		};
		0FE1075D2820FD8300D9D110 /* Beta */ = {
			isa = PBXGroup;
			children = (
				0FE10711281EA3DF00D9D110 /* CollapsibleView.swift */,
				0FE10713281ECBB400D9D110 /* CollapsibleBodyView.swift */,
				0FE10715281ECD9D00D9D110 /* CollapsibleExerciseView.swift */,
				0FE10717281ECDCB00D9D110 /* CollapsibleSetView.swift */,
			);
			path = Beta;
			sourceTree = "<group>";
		};
		0FE1075E2820FD9D00D9D110 /* Beta */ = {
			isa = PBXGroup;
			children = (
				0FE106FD281E4E7F00D9D110 /* AddActionViewController.swift */,
			);
			path = Beta;
			sourceTree = "<group>";
		};
		0FE98DD928320154008EB8CD /* TextField */ = {
			isa = PBXGroup;
			children = (
				0FE98DCD283150E2008EB8CD /* DropDownTextField.swift */,
			);
			path = TextField;
			sourceTree = "<group>";
		};
		41542475E09B2CB74F2D517D /* Pods */ = {
			isa = PBXGroup;
			children = (
				7E78E625DD9470E5864511A9 /* Pods-WorkoutTrack.debug.xcconfig */,
				7C456BD40B3FFE0949B35991 /* Pods-WorkoutTrack.release.xcconfig */,
				D45DFA4C8706E9BD9C7D0D4B /* Pods-GYMHack.debug.xcconfig */,
				3F44A8279739F2037D277C98 /* Pods-GYMHack.release.xcconfig */,
				6C78CFCB957A90D19C4353C6 /* Pods-GYMHack-GYMHackUITests.debug.xcconfig */,
				6EB57CD564A0E6D8744EB44C /* Pods-GYMHack-GYMHackUITests.release.xcconfig */,
				63FB740155788ADC43B5F06B /* Pods-GYMHackTests.debug.xcconfig */,
				B8921F136C22275771217C99 /* Pods-GYMHackTests.release.xcconfig */,
			);
			path = Pods;
			sourceTree = "<group>";
		};
		AF01C82783888908B6314D4A /* Frameworks */ = {
			isa = PBXGroup;
			children = (
				CFFAD302473903BA2BFA2AB4 /* Pods_GYMHack.framework */,
				CC09AE760C2D1671A009A8E1 /* Pods_GYMHack_GYMHackUITests.framework */,
				155EDF464F1BF81997405987 /* Pods_GYMHackTests.framework */,
			);
			name = Frameworks;
			sourceTree = "<group>";
		};
/* End PBXGroup section */

/* Begin PBXNativeTarget section */
		0F99CC1928144BAB00994329 /* GYMHack */ = {
			isa = PBXNativeTarget;
			buildConfigurationList = 0F99CC4728144BAC00994329 /* Build configuration list for PBXNativeTarget "GYMHack" */;
			buildPhases = (
				79F8C2C0F4383DC84CC4395A /* [CP] Check Pods Manifest.lock */,
				0F99CC1628144BAB00994329 /* Sources */,
				0F99CC1728144BAB00994329 /* Frameworks */,
				0F99CC1828144BAB00994329 /* Resources */,
				B7B70485B1E79DE5B4E59C44 /* [CP] Embed Pods Frameworks */,
			);
			buildRules = (
			);
			dependencies = (
			);
			name = GYMHack;
			productName = WorkoutTrack;
			productReference = 0F99CC1A28144BAB00994329 /* GYMHack.app */;
			productType = "com.apple.product-type.application";
		};
		0F99CC3228144BAC00994329 /* GYMHackTests */ = {
			isa = PBXNativeTarget;
			buildConfigurationList = 0F99CC4A28144BAC00994329 /* Build configuration list for PBXNativeTarget "GYMHackTests" */;
			buildPhases = (
				78A7DBEEE8136A62D30B5FC6 /* [CP] Check Pods Manifest.lock */,
				0F99CC2F28144BAC00994329 /* Sources */,
				0F99CC3028144BAC00994329 /* Frameworks */,
				0F99CC3128144BAC00994329 /* Resources */,
			);
			buildRules = (
			);
			dependencies = (
				0F99CC3528144BAC00994329 /* PBXTargetDependency */,
			);
			name = GYMHackTests;
			productName = WorkoutTrackTests;
			productReference = 0F99CC3328144BAC00994329 /* GYMHackTests.xctest */;
			productType = "com.apple.product-type.bundle.unit-test";
		};
/* End PBXNativeTarget section */

/* Begin PBXProject section */
		0F99CC1228144BAB00994329 /* Project object */ = {
			isa = PBXProject;
			attributes = {
				BuildIndependentTargetsInParallel = 1;
				LastSwiftUpdateCheck = 1500;
				LastUpgradeCheck = 1330;
				TargetAttributes = {
					0F99CC1928144BAB00994329 = {
						CreatedOnToolsVersion = 13.3;
					};
					0F99CC3228144BAC00994329 = {
						CreatedOnToolsVersion = 13.3;
						TestTargetID = 0F99CC1928144BAB00994329;
					};
				};
			};
			buildConfigurationList = 0F99CC1528144BAB00994329 /* Build configuration list for PBXProject "GYMHack" */;
			compatibilityVersion = "Xcode 13.0";
			developmentRegion = en;
			hasScannedForEncodings = 0;
			knownRegions = (
				en,
				Base,
				"zh-Hant",
			);
			mainGroup = 0F99CC1128144BAB00994329;
			productRefGroup = 0F99CC1B28144BAB00994329 /* Products */;
			projectDirPath = "";
			projectRoot = "";
			targets = (
				0F99CC1928144BAB00994329 /* GYMHack */,
				0F99CC3228144BAC00994329 /* GYMHackTests */,
			);
		};
/* End PBXProject section */

/* Begin PBXResourcesBuildPhase section */
		0F99CC1828144BAB00994329 /* Resources */ = {
			isa = PBXResourcesBuildPhase;
			buildActionMask = 2147483647;
			files = (
				0F99CC2D28144BAB00994329 /* LaunchScreen.storyboard in Resources */,
				0F1CDD812B35836C0080C5F5 /* launchScreen.gif in Resources */,
				0FE98DCC28313DC5008EB8CD /* ChartViewController.storyboard in Resources */,
				0F99CC2A28144BAB00994329 /* Assets.xcassets in Resources */,
				0F99CC2528144BAB00994329 /* Main.storyboard in Resources */,
				0F99CC59281457D900994329 /* Moves.plist in Resources */,
				0FE98E3628362AC9008EB8CD /* Localizable.strings in Resources */,
				0F62EC57282D03D5004952F4 /* AppIcon.appiconset in Resources */,
				0F44BA5428290D8D001AD835 /* MonthlyViewController.storyboard in Resources */,
				0FE98E472838EEC3008EB8CD /* LanguageOverlayView.xib in Resources */,
			);
			runOnlyForDeploymentPostprocessing = 0;
		};
		0F99CC3128144BAC00994329 /* Resources */ = {
			isa = PBXResourcesBuildPhase;
			buildActionMask = 2147483647;
			files = (
			);
			runOnlyForDeploymentPostprocessing = 0;
		};
/* End PBXResourcesBuildPhase section */

/* Begin PBXShellScriptBuildPhase section */
		78A7DBEEE8136A62D30B5FC6 /* [CP] Check Pods Manifest.lock */ = {
			isa = PBXShellScriptBuildPhase;
			buildActionMask = 2147483647;
			files = (
			);
			inputFileListPaths = (
			);
			inputPaths = (
				"${PODS_PODFILE_DIR_PATH}/Podfile.lock",
				"${PODS_ROOT}/Manifest.lock",
			);
			name = "[CP] Check Pods Manifest.lock";
			outputFileListPaths = (
			);
			outputPaths = (
				"$(DERIVED_FILE_DIR)/Pods-GYMHackTests-checkManifestLockResult.txt",
			);
			runOnlyForDeploymentPostprocessing = 0;
			shellPath = /bin/sh;
			shellScript = "diff \"${PODS_PODFILE_DIR_PATH}/Podfile.lock\" \"${PODS_ROOT}/Manifest.lock\" > /dev/null\nif [ $? != 0 ] ; then\n    # print error to STDERR\n    echo \"error: The sandbox is not in sync with the Podfile.lock. Run 'pod install' or update your CocoaPods installation.\" >&2\n    exit 1\nfi\n# This output is used by Xcode 'outputs' to avoid re-running this script phase.\necho \"SUCCESS\" > \"${SCRIPT_OUTPUT_FILE_0}\"\n";
			showEnvVarsInLog = 0;
		};
		79F8C2C0F4383DC84CC4395A /* [CP] Check Pods Manifest.lock */ = {
			isa = PBXShellScriptBuildPhase;
			buildActionMask = 2147483647;
			files = (
			);
			inputFileListPaths = (
			);
			inputPaths = (
				"${PODS_PODFILE_DIR_PATH}/Podfile.lock",
				"${PODS_ROOT}/Manifest.lock",
			);
			name = "[CP] Check Pods Manifest.lock";
			outputFileListPaths = (
			);
			outputPaths = (
				"$(DERIVED_FILE_DIR)/Pods-GYMHack-checkManifestLockResult.txt",
			);
			runOnlyForDeploymentPostprocessing = 0;
			shellPath = /bin/sh;
			shellScript = "diff \"${PODS_PODFILE_DIR_PATH}/Podfile.lock\" \"${PODS_ROOT}/Manifest.lock\" > /dev/null\nif [ $? != 0 ] ; then\n    # print error to STDERR\n    echo \"error: The sandbox is not in sync with the Podfile.lock. Run 'pod install' or update your CocoaPods installation.\" >&2\n    exit 1\nfi\n# This output is used by Xcode 'outputs' to avoid re-running this script phase.\necho \"SUCCESS\" > \"${SCRIPT_OUTPUT_FILE_0}\"\n";
			showEnvVarsInLog = 0;
		};
		B7B70485B1E79DE5B4E59C44 /* [CP] Embed Pods Frameworks */ = {
			isa = PBXShellScriptBuildPhase;
			buildActionMask = 2147483647;
			files = (
			);
			inputFileListPaths = (
				"${PODS_ROOT}/Target Support Files/Pods-GYMHack/Pods-GYMHack-frameworks-${CONFIGURATION}-input-files.xcfilelist",
			);
			name = "[CP] Embed Pods Frameworks";
			outputFileListPaths = (
				"${PODS_ROOT}/Target Support Files/Pods-GYMHack/Pods-GYMHack-frameworks-${CONFIGURATION}-output-files.xcfilelist",
			);
			runOnlyForDeploymentPostprocessing = 0;
			shellPath = /bin/sh;
			shellScript = "\"${PODS_ROOT}/Target Support Files/Pods-GYMHack/Pods-GYMHack-frameworks.sh\"\n";
			showEnvVarsInLog = 0;
		};
/* End PBXShellScriptBuildPhase section */

/* Begin PBXSourcesBuildPhase section */
		0F99CC1628144BAB00994329 /* Sources */ = {
			isa = PBXSourcesBuildPhase;
			buildActionMask = 2147483647;
			files = (
				0FE10758281FD9DD00D9D110 /* NewExercise.swift in Sources */,
				0F0FD99528164C35001ACCDB /* Sections.swift in Sources */,
				0F71DA272B71D3750044C999 /* ActionDataSaver.swift in Sources */,
				0FE98DD02831DDD8008EB8CD /* LaunchScreenViewController.swift in Sources */,
				0F99CC63281595C000994329 /* DateLabel.swift in Sources */,
				0FE10712281EA3DF00D9D110 /* CollapsibleView.swift in Sources */,
				0FE98E4B2838EF05008EB8CD /* PresentationController.swift in Sources */,
				0F44BA4E2828F098001AD835 /* TabBarViewController.swift in Sources */,
				0FE107722827D9DA00D9D110 /* HistoryActionModel.swift in Sources */,
				0FE98DE52835E9AF008EB8CD /* XAxisNameFormater.swift in Sources */,
				0FE98DCE283150E2008EB8CD /* DropDownTextField.swift in Sources */,
				0F361F33288A3474004B322E /* AdmobID.swift in Sources */,
				0F99CC5128144BC000994329 /* Extension.swift in Sources */,
				0FE401D32842532E006386CF /* CustomActionModel.swift in Sources */,
				0F99CC5F2815730500994329 /* WeekdayButton.swift in Sources */,
				0FE107702823CD6C00D9D110 /* HistoryTableView.swift in Sources */,
				0F361F35288A3532004B322E /* DropDownTextFieldID.swift in Sources */,
				0F71DA1B2B707B860044C999 /* DetailedDataSaver.swift in Sources */,
				0FE98DDF28322232008EB8CD /* Chart2Cell.swift in Sources */,
				0F910A852855B2C700461016 /* AppConfig.swift in Sources */,
				0F71DA252B71D30D0044C999 /* ActionAdditionStore.swift in Sources */,
				0FE1076A282221DB00D9D110 /* SetWeightRepsTableView.swift in Sources */,
				0F345A392B6B5E57007528BD /* CoreDataCreationService.swift in Sources */,
				0FE1075C2820D0AA00D9D110 /* ChooseCell.swift in Sources */,
				0FE1075A2820CB0A00D9D110 /* WeekDateChooseTableView.swift in Sources */,
				0FE10764282107AF00D9D110 /* ChooseExerciseTableView.swift in Sources */,
				0F99CC2228144BAB00994329 /* WeeklyViewController.swift in Sources */,
				0F65307B28910A9000F55F88 /* WeeklyViewModel.swift in Sources */,
				0F0FD99728166FCC001ACCDB /* SectionsCell.swift in Sources */,
				0F71DA1E2B707BAD0044C999 /* DetailAdditionStore.swift in Sources */,
				0FE1071A281FA74900D9D110 /* NewActionViewController.swift in Sources */,
				0F44BA502828F17B001AD835 /* MonthlyViewController.swift in Sources */,
				0F345A3D2B6B5F3F007528BD /* CoreDataUpdatingService.swift in Sources */,
				0F3894C02B89B7D1000FED69 /* DetailRetrievalStore.swift in Sources */,
				0FE1076628211F5100D9D110 /* HistoryCell.swift in Sources */,
				0FE10714281ECBB400D9D110 /* CollapsibleBodyView.swift in Sources */,
				0F345A3B2B6B5EA5007528BD /* CoreDataFetchingService.swift in Sources */,
				0F99CC5B28145E5C00994329 /* Moves.swift in Sources */,
				0FE107762828B78700D9D110 /* HistoryLabel.swift in Sources */,
				0F0FD99C2816A84C001ACCDB /* AddActionModel.swift in Sources */,
				0F3894D72B8BEA42000FED69 /* ActionDataLoader.swift in Sources */,
				0F345A3F2B6B6139007528BD /* CoreDataDeletionService.swift in Sources */,
				0FE1076828221F0000D9D110 /* SetWeightRepsCell.swift in Sources */,
				0F71DA232B707EB20044C999 /* DetailedDTO.swift in Sources */,
				0F99CC56281450E200994329 /* SFSymbolButton.swift in Sources */,
				0F99CC2828144BAB00994329 /* WorkoutTrack.xcdatamodeld in Sources */,
				0F3894BD2B89B765000FED69 /* DetailedLoader.swift in Sources */,
				0FE106FE281E4E7F00D9D110 /* AddActionViewController.swift in Sources */,
				0FE401D52842637C006386CF /* ChooseCustomExerciseTableView.swift in Sources */,
				0FE107742828009400D9D110 /* NoHistoryCell.swift in Sources */,
				0F71DA112B702A3A0044C999 /* ContextProvider.swift in Sources */,
				0FE1076E28224BF100D9D110 /* AddCell.swift in Sources */,
				0FEBB59B2839055E005AF29E /* LanguageCell.swift in Sources */,
				0FE1076C2822242100D9D110 /* SetWeightRepsTableHeaderView.swift in Sources */,
				0FE98E492838EED2008EB8CD /* LanguageOverlayView.swift in Sources */,
				0F99CC5D28152E4900994329 /* WeekProgressView.swift in Sources */,
				0F368C582817BD660098667E /* CoredataService.swift in Sources */,
				0FE98DDD2832203F008EB8CD /* Chart1Cell.swift in Sources */,
				0FE98DE128322F39008EB8CD /* Chart3Cell.swift in Sources */,
				0FE402192845A87B006386CF /* CustomExerciseCell.swift in Sources */,
				0F3894C32B89BD5F000FED69 /* DetailedSaver.swift in Sources */,
				0FE10716281ECD9D00D9D110 /* CollapsibleExerciseView.swift in Sources */,
				0F3894BA2B89B65F000FED69 /* DetailedDataLoader.swift in Sources */,
				0FE10718281ECDCB00D9D110 /* CollapsibleSetView.swift in Sources */,
				0FEBB5DB283CBC39005AF29E /* GifHelper.swift in Sources */,
				0FE107622821038200D9D110 /* ChooseBodyTableView.swift in Sources */,
				0F99CC1E28144BAB00994329 /* AppDelegate.swift in Sources */,
				0F361F46288E6706004B322E /* Log.swift in Sources */,
				0F44BA522828F1A3001AD835 /* ChartViewController.swift in Sources */,
				0FE98DE32833491E008EB8CD /* ChartsSelectionModel.swift in Sources */,
				0F99CC2028144BAB00994329 /* SceneDelegate.swift in Sources */,
				0F3894D02B8BE5A7000FED69 /* ActionRetrievalStore.swift in Sources */,
				0F0FD99928167440001ACCDB /* ExpandCell.swift in Sources */,
				0F3894D32B8BE61D000FED69 /* ActionLoader.swift in Sources */,
			);
			runOnlyForDeploymentPostprocessing = 0;
		};
		0F99CC2F28144BAC00994329 /* Sources */ = {
			isa = PBXSourcesBuildPhase;
			buildActionMask = 2147483647;
			files = (
				0F99CC3828144BAC00994329 /* WorkoutTrackTests.swift in Sources */,
				0F71DA192B7048BE0044C999 /* XCTest+MemoryLeaksTracking.swift in Sources */,
				0F71DA292B71D3E00044C999 /* ActionSaverTests.swift in Sources */,
				0F3894B72B89A1FC000FED69 /* DetailedTestHelpers.swift in Sources */,
				0F71DA392B7FDE420044C999 /* DetailedLoaderTests.swift in Sources */,
				0F71DA202B707D100044C999 /* CoreDataLocalFeedStoreTests.swift in Sources */,
				0F3894CD2B8BDF9F000FED69 /* XCTestHelpers.swift in Sources */,
				0F3894C72B8A65E5000FED69 /* ActionFeedStoreSpy.swift in Sources */,
				0F71DA482B8684B20044C999 /* DetailedDTOStoreSpy.swift in Sources */,
				0F3894C52B8A6494000FED69 /* ActionLoaderTests.swift in Sources */,
				0F345A432B6B675B007528BD /* DetailedSaverTests.swift in Sources */,
			);
			runOnlyForDeploymentPostprocessing = 0;
		};
/* End PBXSourcesBuildPhase section */

/* Begin PBXTargetDependency section */
		0F99CC3528144BAC00994329 /* PBXTargetDependency */ = {
			isa = PBXTargetDependency;
			target = 0F99CC1928144BAB00994329 /* GYMHack */;
			targetProxy = 0F99CC3428144BAC00994329 /* PBXContainerItemProxy */;
		};
/* End PBXTargetDependency section */

/* Begin PBXVariantGroup section */
		0F99CC2328144BAB00994329 /* Main.storyboard */ = {
			isa = PBXVariantGroup;
			children = (
				0F99CC2428144BAB00994329 /* Base */,
				0F368C512817BB1B0098667E /* zh-Hant */,
				0F368C562817BB810098667E /* en */,
			);
			name = Main.storyboard;
			sourceTree = "<group>";
		};
		0F99CC2B28144BAB00994329 /* LaunchScreen.storyboard */ = {
			isa = PBXVariantGroup;
			children = (
				0F99CC2C28144BAB00994329 /* Base */,
				0F368C522817BB1B0098667E /* zh-Hant */,
				0FE98E292836240B008EB8CD /* en */,
			);
			name = LaunchScreen.storyboard;
			sourceTree = "<group>";
		};
		0FE98E3828362AC9008EB8CD /* Localizable.strings */ = {
			isa = PBXVariantGroup;
			children = (
				0FE98E3728362AC9008EB8CD /* en */,
				0FE98E3928362ACA008EB8CD /* zh-Hant */,
			);
			name = Localizable.strings;
			sourceTree = "<group>";
		};
/* End PBXVariantGroup section */

/* Begin XCBuildConfiguration section */
		0F99CC4528144BAC00994329 /* Debug */ = {
			isa = XCBuildConfiguration;
			buildSettings = {
				ALWAYS_SEARCH_USER_PATHS = NO;
				CLANG_ANALYZER_LOCALIZABILITY_NONLOCALIZED = YES;
				CLANG_ANALYZER_NONNULL = YES;
				CLANG_ANALYZER_NUMBER_OBJECT_CONVERSION = YES_AGGRESSIVE;
				CLANG_CXX_LANGUAGE_STANDARD = "gnu++17";
				CLANG_ENABLE_MODULES = YES;
				CLANG_ENABLE_OBJC_ARC = YES;
				CLANG_ENABLE_OBJC_WEAK = YES;
				CLANG_WARN_BLOCK_CAPTURE_AUTORELEASING = YES;
				CLANG_WARN_BOOL_CONVERSION = YES;
				CLANG_WARN_COMMA = YES;
				CLANG_WARN_CONSTANT_CONVERSION = YES;
				CLANG_WARN_DEPRECATED_OBJC_IMPLEMENTATIONS = YES;
				CLANG_WARN_DIRECT_OBJC_ISA_USAGE = YES_ERROR;
				CLANG_WARN_DOCUMENTATION_COMMENTS = YES;
				CLANG_WARN_EMPTY_BODY = YES;
				CLANG_WARN_ENUM_CONVERSION = YES;
				CLANG_WARN_INFINITE_RECURSION = YES;
				CLANG_WARN_INT_CONVERSION = YES;
				CLANG_WARN_NON_LITERAL_NULL_CONVERSION = YES;
				CLANG_WARN_OBJC_IMPLICIT_RETAIN_SELF = YES;
				CLANG_WARN_OBJC_LITERAL_CONVERSION = YES;
				CLANG_WARN_OBJC_ROOT_CLASS = YES_ERROR;
				CLANG_WARN_QUOTED_INCLUDE_IN_FRAMEWORK_HEADER = YES;
				CLANG_WARN_RANGE_LOOP_ANALYSIS = YES;
				CLANG_WARN_STRICT_PROTOTYPES = YES;
				CLANG_WARN_SUSPICIOUS_MOVE = YES;
				CLANG_WARN_UNGUARDED_AVAILABILITY = YES_AGGRESSIVE;
				CLANG_WARN_UNREACHABLE_CODE = YES;
				CLANG_WARN__DUPLICATE_METHOD_MATCH = YES;
				COPY_PHASE_STRIP = NO;
				DEBUG_INFORMATION_FORMAT = dwarf;
				ENABLE_STRICT_OBJC_MSGSEND = YES;
				ENABLE_TESTABILITY = YES;
				GCC_C_LANGUAGE_STANDARD = gnu11;
				GCC_DYNAMIC_NO_PIC = NO;
				GCC_NO_COMMON_BLOCKS = YES;
				GCC_OPTIMIZATION_LEVEL = 0;
				GCC_PREPROCESSOR_DEFINITIONS = (
					"DEBUG=1",
					"$(inherited)",
				);
				GCC_WARN_64_TO_32_BIT_CONVERSION = YES;
				GCC_WARN_ABOUT_RETURN_TYPE = YES_ERROR;
				GCC_WARN_UNDECLARED_SELECTOR = YES;
				GCC_WARN_UNINITIALIZED_AUTOS = YES_AGGRESSIVE;
				GCC_WARN_UNUSED_FUNCTION = YES;
				GCC_WARN_UNUSED_VARIABLE = YES;
				IPHONEOS_DEPLOYMENT_TARGET = 15.4;
				MTL_ENABLE_DEBUG_INFO = INCLUDE_SOURCE;
				MTL_FAST_MATH = YES;
				ONLY_ACTIVE_ARCH = YES;
				SDKROOT = iphoneos;
				SWIFT_ACTIVE_COMPILATION_CONDITIONS = DEBUG;
				SWIFT_OPTIMIZATION_LEVEL = "-Onone";
			};
			name = Debug;
		};
		0F99CC4628144BAC00994329 /* Release */ = {
			isa = XCBuildConfiguration;
			buildSettings = {
				ALWAYS_SEARCH_USER_PATHS = NO;
				CLANG_ANALYZER_LOCALIZABILITY_NONLOCALIZED = YES;
				CLANG_ANALYZER_NONNULL = YES;
				CLANG_ANALYZER_NUMBER_OBJECT_CONVERSION = YES_AGGRESSIVE;
				CLANG_CXX_LANGUAGE_STANDARD = "gnu++17";
				CLANG_ENABLE_MODULES = YES;
				CLANG_ENABLE_OBJC_ARC = YES;
				CLANG_ENABLE_OBJC_WEAK = YES;
				CLANG_WARN_BLOCK_CAPTURE_AUTORELEASING = YES;
				CLANG_WARN_BOOL_CONVERSION = YES;
				CLANG_WARN_COMMA = YES;
				CLANG_WARN_CONSTANT_CONVERSION = YES;
				CLANG_WARN_DEPRECATED_OBJC_IMPLEMENTATIONS = YES;
				CLANG_WARN_DIRECT_OBJC_ISA_USAGE = YES_ERROR;
				CLANG_WARN_DOCUMENTATION_COMMENTS = YES;
				CLANG_WARN_EMPTY_BODY = YES;
				CLANG_WARN_ENUM_CONVERSION = YES;
				CLANG_WARN_INFINITE_RECURSION = YES;
				CLANG_WARN_INT_CONVERSION = YES;
				CLANG_WARN_NON_LITERAL_NULL_CONVERSION = YES;
				CLANG_WARN_OBJC_IMPLICIT_RETAIN_SELF = YES;
				CLANG_WARN_OBJC_LITERAL_CONVERSION = YES;
				CLANG_WARN_OBJC_ROOT_CLASS = YES_ERROR;
				CLANG_WARN_QUOTED_INCLUDE_IN_FRAMEWORK_HEADER = YES;
				CLANG_WARN_RANGE_LOOP_ANALYSIS = YES;
				CLANG_WARN_STRICT_PROTOTYPES = YES;
				CLANG_WARN_SUSPICIOUS_MOVE = YES;
				CLANG_WARN_UNGUARDED_AVAILABILITY = YES_AGGRESSIVE;
				CLANG_WARN_UNREACHABLE_CODE = YES;
				CLANG_WARN__DUPLICATE_METHOD_MATCH = YES;
				COPY_PHASE_STRIP = NO;
				DEBUG_INFORMATION_FORMAT = "dwarf-with-dsym";
				ENABLE_NS_ASSERTIONS = NO;
				ENABLE_STRICT_OBJC_MSGSEND = YES;
				GCC_C_LANGUAGE_STANDARD = gnu11;
				GCC_NO_COMMON_BLOCKS = YES;
				GCC_WARN_64_TO_32_BIT_CONVERSION = YES;
				GCC_WARN_ABOUT_RETURN_TYPE = YES_ERROR;
				GCC_WARN_UNDECLARED_SELECTOR = YES;
				GCC_WARN_UNINITIALIZED_AUTOS = YES_AGGRESSIVE;
				GCC_WARN_UNUSED_FUNCTION = YES;
				GCC_WARN_UNUSED_VARIABLE = YES;
				IPHONEOS_DEPLOYMENT_TARGET = 15.4;
				MTL_ENABLE_DEBUG_INFO = NO;
				MTL_FAST_MATH = YES;
				SDKROOT = iphoneos;
				SWIFT_COMPILATION_MODE = wholemodule;
				SWIFT_OPTIMIZATION_LEVEL = "-O";
				VALIDATE_PRODUCT = YES;
			};
			name = Release;
		};
		0F99CC4828144BAC00994329 /* Debug */ = {
			isa = XCBuildConfiguration;
			baseConfigurationReference = D45DFA4C8706E9BD9C7D0D4B /* Pods-GYMHack.debug.xcconfig */;
			buildSettings = {
				ASSETCATALOG_COMPILER_APPICON_NAME = AppIcon;
				CODE_SIGN_STYLE = Automatic;
				CURRENT_PROJECT_VERSION = 1.0;
				DEVELOPMENT_TEAM = R5599LYD4Y;
				GENERATE_INFOPLIST_FILE = YES;
				INFOPLIST_FILE = WorkoutTrack/Info.plist;
				INFOPLIST_KEY_CFBundleDisplayName = GYMHack;
				INFOPLIST_KEY_UIApplicationSupportsIndirectInputEvents = YES;
				INFOPLIST_KEY_UILaunchStoryboardName = LaunchScreen;
				INFOPLIST_KEY_UIMainStoryboardFile = Main;
				INFOPLIST_KEY_UISupportedInterfaceOrientations = UIInterfaceOrientationPortrait;
				INFOPLIST_KEY_UISupportedInterfaceOrientations_iPad = "UIInterfaceOrientationPortrait UIInterfaceOrientationPortraitUpsideDown UIInterfaceOrientationLandscapeLeft UIInterfaceOrientationLandscapeRight";
				INFOPLIST_KEY_UISupportedInterfaceOrientations_iPhone = UIInterfaceOrientationPortrait;
				INFOPLIST_KEY_UIUserInterfaceStyle = Light;
				IPHONEOS_DEPLOYMENT_TARGET = 15.0;
				LD_RUNPATH_SEARCH_PATHS = (
					"$(inherited)",
					"@executable_path/Frameworks",
				);
				MARKETING_VERSION = 1.3.5;
				PRODUCT_BUNDLE_IDENTIFIER = com.MYH.GYMHack;
				PRODUCT_NAME = "$(TARGET_NAME)";
				SWIFT_EMIT_LOC_STRINGS = YES;
				SWIFT_VERSION = 5.0;
				TARGETED_DEVICE_FAMILY = 1;
			};
			name = Debug;
		};
		0F99CC4928144BAC00994329 /* Release */ = {
			isa = XCBuildConfiguration;
			baseConfigurationReference = 3F44A8279739F2037D277C98 /* Pods-GYMHack.release.xcconfig */;
			buildSettings = {
				ASSETCATALOG_COMPILER_APPICON_NAME = AppIcon;
				CODE_SIGN_STYLE = Automatic;
				CURRENT_PROJECT_VERSION = 1.0;
				DEVELOPMENT_TEAM = R5599LYD4Y;
				GENERATE_INFOPLIST_FILE = YES;
				INFOPLIST_FILE = WorkoutTrack/Info.plist;
				INFOPLIST_KEY_CFBundleDisplayName = GYMHack;
				INFOPLIST_KEY_UIApplicationSupportsIndirectInputEvents = YES;
				INFOPLIST_KEY_UILaunchStoryboardName = LaunchScreen;
				INFOPLIST_KEY_UIMainStoryboardFile = Main;
				INFOPLIST_KEY_UISupportedInterfaceOrientations = UIInterfaceOrientationPortrait;
				INFOPLIST_KEY_UISupportedInterfaceOrientations_iPad = "UIInterfaceOrientationPortrait UIInterfaceOrientationPortraitUpsideDown UIInterfaceOrientationLandscapeLeft UIInterfaceOrientationLandscapeRight";
				INFOPLIST_KEY_UISupportedInterfaceOrientations_iPhone = UIInterfaceOrientationPortrait;
				INFOPLIST_KEY_UIUserInterfaceStyle = Light;
				IPHONEOS_DEPLOYMENT_TARGET = 15.0;
				LD_RUNPATH_SEARCH_PATHS = (
					"$(inherited)",
					"@executable_path/Frameworks",
				);
				MARKETING_VERSION = 1.3.5;
				PRODUCT_BUNDLE_IDENTIFIER = com.MYH.GYMHack;
				PRODUCT_NAME = "$(TARGET_NAME)";
				SWIFT_EMIT_LOC_STRINGS = YES;
				SWIFT_VERSION = 5.0;
				TARGETED_DEVICE_FAMILY = 1;
			};
			name = Release;
		};
		0F99CC4B28144BAC00994329 /* Debug */ = {
			isa = XCBuildConfiguration;
			baseConfigurationReference = 63FB740155788ADC43B5F06B /* Pods-GYMHackTests.debug.xcconfig */;
			buildSettings = {
				ALWAYS_EMBED_SWIFT_STANDARD_LIBRARIES = YES;
				BUNDLE_LOADER = "$(TEST_HOST)";
				CODE_SIGN_STYLE = Automatic;
				CURRENT_PROJECT_VERSION = 1;
				DEVELOPMENT_TEAM = R5599LYD4Y;
				GENERATE_INFOPLIST_FILE = YES;
				IPHONEOS_DEPLOYMENT_TARGET = 15.4;
				MARKETING_VERSION = 1.0;
				PRODUCT_BUNDLE_IDENTIFIER = com.WorkoutTrackTests;
				PRODUCT_NAME = "$(TARGET_NAME)";
				SWIFT_EMIT_LOC_STRINGS = NO;
				SWIFT_VERSION = 5.0;
				TARGETED_DEVICE_FAMILY = "1,2";
				TEST_HOST = "$(BUILT_PRODUCTS_DIR)/GYMHack.app/GYMHack";
			};
			name = Debug;
		};
		0F99CC4C28144BAC00994329 /* Release */ = {
			isa = XCBuildConfiguration;
			baseConfigurationReference = B8921F136C22275771217C99 /* Pods-GYMHackTests.release.xcconfig */;
			buildSettings = {
				ALWAYS_EMBED_SWIFT_STANDARD_LIBRARIES = YES;
				BUNDLE_LOADER = "$(TEST_HOST)";
				CODE_SIGN_STYLE = Automatic;
				CURRENT_PROJECT_VERSION = 1;
				DEVELOPMENT_TEAM = R5599LYD4Y;
				GENERATE_INFOPLIST_FILE = YES;
				IPHONEOS_DEPLOYMENT_TARGET = 15.4;
				MARKETING_VERSION = 1.0;
				PRODUCT_BUNDLE_IDENTIFIER = com.WorkoutTrackTests;
				PRODUCT_NAME = "$(TARGET_NAME)";
				SWIFT_EMIT_LOC_STRINGS = NO;
				SWIFT_VERSION = 5.0;
				TARGETED_DEVICE_FAMILY = "1,2";
				TEST_HOST = "$(BUILT_PRODUCTS_DIR)/GYMHack.app/GYMHack";
			};
			name = Release;
		};
/* End XCBuildConfiguration section */

/* Begin XCConfigurationList section */
		0F99CC1528144BAB00994329 /* Build configuration list for PBXProject "GYMHack" */ = {
			isa = XCConfigurationList;
			buildConfigurations = (
				0F99CC4528144BAC00994329 /* Debug */,
				0F99CC4628144BAC00994329 /* Release */,
			);
			defaultConfigurationIsVisible = 0;
			defaultConfigurationName = Release;
		};
		0F99CC4728144BAC00994329 /* Build configuration list for PBXNativeTarget "GYMHack" */ = {
			isa = XCConfigurationList;
			buildConfigurations = (
				0F99CC4828144BAC00994329 /* Debug */,
				0F99CC4928144BAC00994329 /* Release */,
			);
			defaultConfigurationIsVisible = 0;
			defaultConfigurationName = Release;
		};
		0F99CC4A28144BAC00994329 /* Build configuration list for PBXNativeTarget "GYMHackTests" */ = {
			isa = XCConfigurationList;
			buildConfigurations = (
				0F99CC4B28144BAC00994329 /* Debug */,
				0F99CC4C28144BAC00994329 /* Release */,
			);
			defaultConfigurationIsVisible = 0;
			defaultConfigurationName = Release;
		};
/* End XCConfigurationList section */

/* Begin XCVersionGroup section */
		0F99CC2628144BAB00994329 /* WorkoutTrack.xcdatamodeld */ = {
			isa = XCVersionGroup;
			children = (
				0F99CC2728144BAB00994329 /* WorkoutTrack.xcdatamodel */,
			);
			currentVersion = 0F99CC2728144BAB00994329 /* WorkoutTrack.xcdatamodel */;
			path = WorkoutTrack.xcdatamodeld;
			sourceTree = "<group>";
			versionGroupType = wrapper.xcdatamodel;
		};
/* End XCVersionGroup section */
	};
	rootObject = 0F99CC1228144BAB00994329 /* Project object */;
}
